
Microsoft Visual Studio Solution File, Format Version 12.00
# Visual Studio Version 16
VisualStudioVersion = 16.0.30907.101
MinimumVisualStudioVersion = 10.0.40219.1
Project("{9A19103F-16F7-4668-BE54-9A1E7A4F7556}") = "CDersleri", "CDersleri\CDersleri.csproj", "{86F97786-9B30-4CF6-B480-0BDCD3095B6D}"
EndProject
Project("{9A19103F-16F7-4668-BE54-9A1E7A4F7556}") = "ClassIntro", "ClassIntro\ClassIntro.csproj", "{6115281D-BA6C-4B90-B66A-A89DDF80FB38}"
EndProject
Project("{9A19103F-16F7-4668-BE54-9A1E7A4F7556}") = "Metodlar", "Metodlar\Metodlar.csproj", "{A5342BE4-5942-4226-B5CF-7FE41609CBAE}"
EndProject
Project("{9A19103F-16F7-4668-BE54-9A1E7A4F7556}") = "Matematik", "Matematik\Matematik.csproj", "{A088374C-D204-4E0F-9F80-B01956A5F91F}"
EndProject
Project("{9A19103F-16F7-4668-BE54-9A1E7A4F7556}") = "Triangle", "Triangle\Triangle.csproj", "{4B7167EE-5BFE-474D-8935-CEF81EB54990}"
EndProject
Project("{9A19103F-16F7-4668-BE54-9A1E7A4F7556}") = "DegerVeReferansTipler", "DegerVeReferansTipler\DegerVeReferansTipler.csproj", "{91FC7EB0-94C3-4D0D-AC09-4504B5092E1F}"
EndProject
Project("{9A19103F-16F7-4668-BE54-9A1E7A4F7556}") = "OOP1", "OOP1\OOP1.csproj", "{AD539B59-4539-43A1-B0ED-F18BA13B6627}"
EndProject
Project("{9A19103F-16F7-4668-BE54-9A1E7A4F7556}") = "ClassMetotDemo", "ClassMetotDemo\ClassMetotDemo.csproj", "{3F6500D9-E969-46AA-BE35-7BE159D184B8}"
EndProject
Project("{FAE04EC0-301F-11D3-BF4B-00C04F79EFBC}") = "Koleksiyonlar", "Koleksiyonlar\Koleksiyonlar.csproj", "{5270B77F-9213-4102-95FF-AC58D6E33FD2}"
EndProject
Project("{FAE04EC0-301F-11D3-BF4B-00C04F79EFBC}") = "GenericsIntro", "GenericsIntro\GenericsIntro.csproj", "{F74725F0-0A3C-4BD3-BE4C-5095AD7CEA6C}"
EndProject
Project("{FAE04EC0-301F-11D3-BF4B-00C04F79EFBC}") = "Constructers", "Constructers\Constructers.csproj", "{43443A68-F137-4260-9B08-F5A9AB6565A3}"
EndProject
Project("{FAE04EC0-301F-11D3-BF4B-00C04F79EFBC}") = "Generics", "Generics\Generics.csproj", "{6B926ACE-6F5D-44F3-86A1-25EEB109D40F}"
EndProject
Global
	GlobalSection(SolutionConfigurationPlatforms) = preSolution
		Debug|Any CPU = Debug|Any CPU
		Release|Any CPU = Release|Any CPU
	EndGlobalSection
	GlobalSection(ProjectConfigurationPlatforms) = postSolution
		{86F97786-9B30-4CF6-B480-0BDCD3095B6D}.Debug|Any CPU.ActiveCfg = Debug|Any CPU
		{86F97786-9B30-4CF6-B480-0BDCD3095B6D}.Debug|Any CPU.Build.0 = Debug|Any CPU
		{86F97786-9B30-4CF6-B480-0BDCD3095B6D}.Release|Any CPU.ActiveCfg = Release|Any CPU
		{86F97786-9B30-4CF6-B480-0BDCD3095B6D}.Release|Any CPU.Build.0 = Release|Any CPU
		{6115281D-BA6C-4B90-B66A-A89DDF80FB38}.Debug|Any CPU.ActiveCfg = Debug|Any CPU
		{6115281D-BA6C-4B90-B66A-A89DDF80FB38}.Debug|Any CPU.Build.0 = Debug|Any CPU
		{6115281D-BA6C-4B90-B66A-A89DDF80FB38}.Release|Any CPU.ActiveCfg = Release|Any CPU
		{6115281D-BA6C-4B90-B66A-A89DDF80FB38}.Release|Any CPU.Build.0 = Release|Any CPU
		{A5342BE4-5942-4226-B5CF-7FE41609CBAE}.Debug|Any CPU.ActiveCfg = Debug|Any CPU
		{A5342BE4-5942-4226-B5CF-7FE41609CBAE}.Debug|Any CPU.Build.0 = Debug|Any CPU
		{A5342BE4-5942-4226-B5CF-7FE41609CBAE}.Release|Any CPU.ActiveCfg = Release|Any CPU
		{A5342BE4-5942-4226-B5CF-7FE41609CBAE}.Release|Any CPU.Build.0 = Release|Any CPU
		{A088374C-D204-4E0F-9F80-B01956A5F91F}.Debug|Any CPU.ActiveCfg = Debug|Any CPU
		{A088374C-D204-4E0F-9F80-B01956A5F91F}.Debug|Any CPU.Build.0 = Debug|Any CPU
		{A088374C-D204-4E0F-9F80-B01956A5F91F}.Release|Any CPU.ActiveCfg = Release|Any CPU
		{A088374C-D204-4E0F-9F80-B01956A5F91F}.Release|Any CPU.Build.0 = Release|Any CPU
		{4B7167EE-5BFE-474D-8935-CEF81EB54990}.Debug|Any CPU.ActiveCfg = Debug|Any CPU
		{4B7167EE-5BFE-474D-8935-CEF81EB54990}.Debug|Any CPU.Build.0 = Debug|Any CPU
		{4B7167EE-5BFE-474D-8935-CEF81EB54990}.Release|Any CPU.ActiveCfg = Release|Any CPU
		{4B7167EE-5BFE-474D-8935-CEF81EB54990}.Release|Any CPU.Build.0 = Release|Any CPU
		{91FC7EB0-94C3-4D0D-AC09-4504B5092E1F}.Debug|Any CPU.ActiveCfg = Debug|Any CPU
		{91FC7EB0-94C3-4D0D-AC09-4504B5092E1F}.Debug|Any CPU.Build.0 = Debug|Any CPU
		{91FC7EB0-94C3-4D0D-AC09-4504B5092E1F}.Release|Any CPU.ActiveCfg = Release|Any CPU
		{91FC7EB0-94C3-4D0D-AC09-4504B5092E1F}.Release|Any CPU.Build.0 = Release|Any CPU
		{AD539B59-4539-43A1-B0ED-F18BA13B6627}.Debug|Any CPU.ActiveCfg = Debug|Any CPU
		{AD539B59-4539-43A1-B0ED-F18BA13B6627}.Debug|Any CPU.Build.0 = Debug|Any CPU
		{AD539B59-4539-43A1-B0ED-F18BA13B6627}.Release|Any CPU.ActiveCfg = Release|Any CPU
		{AD539B59-4539-43A1-B0ED-F18BA13B6627}.Release|Any CPU.Build.0 = Release|Any CPU
		{3F6500D9-E969-46AA-BE35-7BE159D184B8}.Debug|Any CPU.ActiveCfg = Debug|Any CPU
		{3F6500D9-E969-46AA-BE35-7BE159D184B8}.Debug|Any CPU.Build.0 = Debug|Any CPU
		{3F6500D9-E969-46AA-BE35-7BE159D184B8}.Release|Any CPU.ActiveCfg = Release|Any CPU
		{3F6500D9-E969-46AA-BE35-7BE159D184B8}.Release|Any CPU.Build.0 = Release|Any CPU
		{5270B77F-9213-4102-95FF-AC58D6E33FD2}.Debug|Any CPU.ActiveCfg = Debug|Any CPU
		{5270B77F-9213-4102-95FF-AC58D6E33FD2}.Debug|Any CPU.Build.0 = Debug|Any CPU
		{5270B77F-9213-4102-95FF-AC58D6E33FD2}.Release|Any CPU.ActiveCfg = Release|Any CPU
		{5270B77F-9213-4102-95FF-AC58D6E33FD2}.Release|Any CPU.Build.0 = Release|Any CPU
		{F74725F0-0A3C-4BD3-BE4C-5095AD7CEA6C}.Debug|Any CPU.ActiveCfg = Debug|Any CPU
		{F74725F0-0A3C-4BD3-BE4C-5095AD7CEA6C}.Debug|Any CPU.Build.0 = Debug|Any CPU
		{F74725F0-0A3C-4BD3-BE4C-5095AD7CEA6C}.Release|Any CPU.ActiveCfg = Release|Any CPU
		{F74725F0-0A3C-4BD3-BE4C-5095AD7CEA6C}.Release|Any CPU.Build.0 = Release|Any CPU
		{43443A68-F137-4260-9B08-F5A9AB6565A3}.Debug|Any CPU.ActiveCfg = Debug|Any CPU
		{43443A68-F137-4260-9B08-F5A9AB6565A3}.Debug|Any CPU.Build.0 = Debug|Any CPU
		{43443A68-F137-4260-9B08-F5A9AB6565A3}.Release|Any CPU.ActiveCfg = Release|Any CPU
		{43443A68-F137-4260-9B08-F5A9AB6565A3}.Release|Any CPU.Build.0 = Release|Any CPU
		{6B926ACE-6F5D-44F3-86A1-25EEB109D40F}.Debug|Any CPU.ActiveCfg = Debug|Any CPU
		{6B926ACE-6F5D-44F3-86A1-25EEB109D40F}.Debug|Any CPU.Build.0 = Debug|Any CPU
		{6B926ACE-6F5D-44F3-86A1-25EEB109D40F}.Release|Any CPU.ActiveCfg = Release|Any CPU
		{6B926ACE-6F5D-44F3-86A1-25EEB109D40F}.Release|Any CPU.Build.0 = Release|Any CPU
	EndGlobalSection
	GlobalSection(SolutionProperties) = preSolution
		HideSolutionNode = FALSE
	EndGlobalSection
	GlobalSection(ExtensibilityGlobals) = postSolution
		SolutionGuid = {F2273A11-1248-4654-87D8-EABFDA1B65A2}
	EndGlobalSection
EndGlobal
